
Microsoft Visual Studio Solution File, Format Version 12.00
# Visual Studio Version 16
VisualStudioVersion = 16.0.31624.102
MinimumVisualStudioVersion = 10.0.40219.1
Project("{FAE04EC0-301F-11D3-BF4B-00C04F79EFBC}") = "Homework_2", "Parallel_Homework\Homework_2.csproj", "{A26CC7C7-D684-416C-8AE5-BA18CB54336B}"
EndProject
Project("{8BC9CEB8-8B4A-11D0-8D11-00A0C91BC942}") = "Homework_3", "Homework_3\Homework_3.vcxproj", "{9F6083C1-CA36-4470-BDC5-0A27CED65757}"
EndProject
Project("{8BC9CEB8-8B4A-11D0-8D11-00A0C91BC942}") = "Homework_4", "Homework_4\Homework_4.vcxproj", "{C2AB8548-0870-4CB7-AEDB-A2FE86F277E0}"
EndProject
Global
	GlobalSection(SolutionConfigurationPlatforms) = preSolution
		Debug|Any CPU = Debug|Any CPU
		Debug|x64 = Debug|x64
		Debug|x86 = Debug|x86
		Release|Any CPU = Release|Any CPU
		Release|x64 = Release|x64
		Release|x86 = Release|x86
	EndGlobalSection
	GlobalSection(ProjectConfigurationPlatforms) = postSolution
		{A26CC7C7-D684-416C-8AE5-BA18CB54336B}.Debug|Any CPU.ActiveCfg = Debug|Any CPU
		{A26CC7C7-D684-416C-8AE5-BA18CB54336B}.Debug|Any CPU.Build.0 = Debug|Any CPU
		{A26CC7C7-D684-416C-8AE5-BA18CB54336B}.Debug|x64.ActiveCfg = Debug|Any CPU
		{A26CC7C7-D684-416C-8AE5-BA18CB54336B}.Debug|x64.Build.0 = Debug|Any CPU
		{A26CC7C7-D684-416C-8AE5-BA18CB54336B}.Debug|x86.ActiveCfg = Debug|Any CPU
		{A26CC7C7-D684-416C-8AE5-BA18CB54336B}.Debug|x86.Build.0 = Debug|Any CPU
		{A26CC7C7-D684-416C-8AE5-BA18CB54336B}.Release|Any CPU.ActiveCfg = Release|Any CPU
		{A26CC7C7-D684-416C-8AE5-BA18CB54336B}.Release|Any CPU.Build.0 = Release|Any CPU
		{A26CC7C7-D684-416C-8AE5-BA18CB54336B}.Release|x64.ActiveCfg = Release|Any CPU
		{A26CC7C7-D684-416C-8AE5-BA18CB54336B}.Release|x64.Build.0 = Release|Any CPU
		{A26CC7C7-D684-416C-8AE5-BA18CB54336B}.Release|x86.ActiveCfg = Release|Any CPU
		{A26CC7C7-D684-416C-8AE5-BA18CB54336B}.Release|x86.Build.0 = Release|Any CPU
		{9F6083C1-CA36-4470-BDC5-0A27CED65757}.Debug|Any CPU.ActiveCfg = Debug|Win32
		{9F6083C1-CA36-4470-BDC5-0A27CED65757}.Debug|x64.ActiveCfg = Debug|x64
		{9F6083C1-CA36-4470-BDC5-0A27CED65757}.Debug|x64.Build.0 = Debug|x64
		{9F6083C1-CA36-4470-BDC5-0A27CED65757}.Debug|x86.ActiveCfg = Debug|Win32
		{9F6083C1-CA36-4470-BDC5-0A27CED65757}.Debug|x86.Build.0 = Debug|Win32
		{9F6083C1-CA36-4470-BDC5-0A27CED65757}.Release|Any CPU.ActiveCfg = Release|Win32
		{9F6083C1-CA36-4470-BDC5-0A27CED65757}.Release|x64.ActiveCfg = Release|x64
		{9F6083C1-CA36-4470-BDC5-0A27CED65757}.Release|x64.Build.0 = Release|x64
		{9F6083C1-CA36-4470-BDC5-0A27CED65757}.Release|x86.ActiveCfg = Release|Win32
		{9F6083C1-CA36-4470-BDC5-0A27CED65757}.Release|x86.Build.0 = Release|Win32
		{C2AB8548-0870-4CB7-AEDB-A2FE86F277E0}.Debug|Any CPU.ActiveCfg = Debug|Win32
		{C2AB8548-0870-4CB7-AEDB-A2FE86F277E0}.Debug|x64.ActiveCfg = Debug|x64
		{C2AB8548-0870-4CB7-AEDB-A2FE86F277E0}.Debug|x64.Build.0 = Debug|x64
		{C2AB8548-0870-4CB7-AEDB-A2FE86F277E0}.Debug|x86.ActiveCfg = Debug|Win32
		{C2AB8548-0870-4CB7-AEDB-A2FE86F277E0}.Debug|x86.Build.0 = Debug|Win32
		{C2AB8548-0870-4CB7-AEDB-A2FE86F277E0}.Release|Any CPU.ActiveCfg = Release|Win32
		{C2AB8548-0870-4CB7-AEDB-A2FE86F277E0}.Release|x64.ActiveCfg = Release|x64
		{C2AB8548-0870-4CB7-AEDB-A2FE86F277E0}.Release|x64.Build.0 = Release|x64
		{C2AB8548-0870-4CB7-AEDB-A2FE86F277E0}.Release|x86.ActiveCfg = Release|Win32
		{C2AB8548-0870-4CB7-AEDB-A2FE86F277E0}.Release|x86.Build.0 = Release|Win32
	EndGlobalSection
	GlobalSection(SolutionProperties) = preSolution
		HideSolutionNode = FALSE
	EndGlobalSection
	GlobalSection(ExtensibilityGlobals) = postSolution
		SolutionGuid = {CBAC9D70-B67B-4744-B00A-21CCECBBF951}
	EndGlobalSection
EndGlobal
